
Microsoft Visual Studio Solution File, Format Version 12.00
# Visual Studio Version 17
VisualStudioVersion = 17.3.32929.385
MinimumVisualStudioVersion = 10.0.40219.1
Project("{FAE04EC0-301F-11D3-BF4B-00C04F79EFBC}") = "Leetcode", "Leetcode\Leetcode.csproj", "{BA72CBD9-C5CA-4FC4-BA6A-D78C78AD8E75}"
EndProject
Project("{FAE04EC0-301F-11D3-BF4B-00C04F79EFBC}") = "LeetCodeTests", "LeetCodeTests\LeetCodeTests.csproj", "{44E56307-16EB-4827-81D3-EA569F1CE50E}"
EndProject
Global
	GlobalSection(SolutionConfigurationPlatforms) = preSolution
		Debug|Any CPU = Debug|Any CPU
		Release|Any CPU = Release|Any CPU
	EndGlobalSection
	GlobalSection(ProjectConfigurationPlatforms) = postSolution
		{BA72CBD9-C5CA-4FC4-BA6A-D78C78AD8E75}.Debug|Any CPU.ActiveCfg = Debug|Any CPU
		{BA72CBD9-C5CA-4FC4-BA6A-D78C78AD8E75}.Debug|Any CPU.Build.0 = Debug|Any CPU
		{BA72CBD9-C5CA-4FC4-BA6A-D78C78AD8E75}.Release|Any CPU.ActiveCfg = Release|Any CPU
		{BA72CBD9-C5CA-4FC4-BA6A-D78C78AD8E75}.Release|Any CPU.Build.0 = Release|Any CPU
		{44E56307-16EB-4827-81D3-EA569F1CE50E}.Debug|Any CPU.ActiveCfg = Debug|Any CPU
		{44E56307-16EB-4827-81D3-EA569F1CE50E}.Debug|Any CPU.Build.0 = Debug|Any CPU
		{44E56307-16EB-4827-81D3-EA569F1CE50E}.Release|Any CPU.ActiveCfg = Release|Any CPU
		{44E56307-16EB-4827-81D3-EA569F1CE50E}.Release|Any CPU.Build.0 = Release|Any CPU
	EndGlobalSection
	GlobalSection(SolutionProperties) = preSolution
		HideSolutionNode = FALSE
	EndGlobalSection
	GlobalSection(ExtensibilityGlobals) = postSolution
		SolutionGuid = {D0CEE3F4-06D1-45FB-87DA-4985D2EFD917}
	EndGlobalSection
EndGlobal
